
Microsoft Visual Studio Solution File, Format Version 12.00
# Visual Studio Version 17
VisualStudioVersion = 17.0.32002.185
MinimumVisualStudioVersion = 10.0.40219.1
Project("{FAE04EC0-301F-11D3-BF4B-00C04F79EFBC}") = "Homework2", "Homework2.csproj", "{467DC10D-8C10-4B38-9897-3EB88098759A}"
EndProject
Global
	GlobalSection(SolutionConfigurationPlatforms) = preSolution
		Debug|Any CPU = Debug|Any CPU
		Release|Any CPU = Release|Any CPU
	EndGlobalSection
	GlobalSection(ProjectConfigurationPlatforms) = postSolution
		{467DC10D-8C10-4B38-9897-3EB88098759A}.Debug|Any CPU.ActiveCfg = Debug|Any CPU
		{467DC10D-8C10-4B38-9897-3EB88098759A}.Debug|Any CPU.Build.0 = Debug|Any CPU
		{467DC10D-8C10-4B38-9897-3EB88098759A}.Release|Any CPU.ActiveCfg = Release|Any CPU
		{467DC10D-8C10-4B38-9897-3EB88098759A}.Release|Any CPU.Build.0 = Release|Any CPU
	EndGlobalSection
	GlobalSection(SolutionProperties) = preSolution
		HideSolutionNode = FALSE
	EndGlobalSection
	GlobalSection(ExtensibilityGlobals) = postSolution
		SolutionGuid = {7731800C-531B-40FD-BDC4-575E5B216039}
	EndGlobalSection
EndGlobal
