
Microsoft Visual Studio Solution File, Format Version 12.00
# Visual Studio Version 17
VisualStudioVersion = 17.3.32929.385
MinimumVisualStudioVersion = 10.0.40219.1
Project("{9A19103F-16F7-4668-BE54-9A1E7A4F7556}") = "WebApplication1", "WebApplication1.csproj", "{DEAFA9CD-BC0F-4FC5-B01A-DCBA1F1D465D}"
EndProject
Global
	GlobalSection(SolutionConfigurationPlatforms) = preSolution
		Debug|Any CPU = Debug|Any CPU
		Release|Any CPU = Release|Any CPU
	EndGlobalSection
	GlobalSection(ProjectConfigurationPlatforms) = postSolution
		{DEAFA9CD-BC0F-4FC5-B01A-DCBA1F1D465D}.Debug|Any CPU.ActiveCfg = Debug|Any CPU
		{DEAFA9CD-BC0F-4FC5-B01A-DCBA1F1D465D}.Debug|Any CPU.Build.0 = Debug|Any CPU
		{DEAFA9CD-BC0F-4FC5-B01A-DCBA1F1D465D}.Release|Any CPU.ActiveCfg = Release|Any CPU
		{DEAFA9CD-BC0F-4FC5-B01A-DCBA1F1D465D}.Release|Any CPU.Build.0 = Release|Any CPU
	EndGlobalSection
	GlobalSection(SolutionProperties) = preSolution
		HideSolutionNode = FALSE
	EndGlobalSection
	GlobalSection(ExtensibilityGlobals) = postSolution
		SolutionGuid = {C43146CB-EE21-4708-8487-12C36F895088}
	EndGlobalSection
EndGlobal
